
Microsoft Visual Studio Solution File, Format Version 12.00
# Visual Studio Version 16
VisualStudioVersion = 16.0.30717.126
MinimumVisualStudioVersion = 10.0.40219.1
Project("{FAE04EC0-301F-11D3-BF4B-00C04F79EFBC}") = "Vatan", "Vatan\Vatan.csproj", "{3D110017-82F7-4FCA-8835-95FFA409A079}"
EndProject
Global
	GlobalSection(SolutionConfigurationPlatforms) = preSolution
		Debug|Any CPU = Debug|Any CPU
		Release|Any CPU = Release|Any CPU
	EndGlobalSection
	GlobalSection(ProjectConfigurationPlatforms) = postSolution
		{3D110017-82F7-4FCA-8835-95FFA409A079}.Debug|Any CPU.ActiveCfg = Debug|Any CPU
		{3D110017-82F7-4FCA-8835-95FFA409A079}.Debug|Any CPU.Build.0 = Debug|Any CPU
		{3D110017-82F7-4FCA-8835-95FFA409A079}.Release|Any CPU.ActiveCfg = Release|Any CPU
		{3D110017-82F7-4FCA-8835-95FFA409A079}.Release|Any CPU.Build.0 = Release|Any CPU
	EndGlobalSection
	GlobalSection(SolutionProperties) = preSolution
		HideSolutionNode = FALSE
	EndGlobalSection
	GlobalSection(ExtensibilityGlobals) = postSolution
		SolutionGuid = {62D7740A-2D6B-41E7-BCEA-6A154E575F3B}
	EndGlobalSection
EndGlobal
